// !$*UTF8*$!
{
	archiveVersion = 1;
	classes = {
	};
	objectVersion = 50;
	objects = {

/* Begin PBXBuildFile section */
		3A9CF5F62227B19C0093B36A /* Main.storyboard in Resources */ = {isa = PBXBuildFile; fileRef = 3A9CF5F42227B19C0093B36A /* Main.storyboard */; };
		3A9CF5F82227B19E0093B36A /* Assets.xcassets in Resources */ = {isa = PBXBuildFile; fileRef = 3A9CF5F72227B19E0093B36A /* Assets.xcassets */; };
		3A9CF5FB2227B19E0093B36A /* LaunchScreen.storyboard in Resources */ = {isa = PBXBuildFile; fileRef = 3A9CF5F92227B19E0093B36A /* LaunchScreen.storyboard */; };
		3AB649182228C99C00733761 /* ViewController.swift in Sources */ = {isa = PBXBuildFile; fileRef = 3AB649122228C99C00733761 /* ViewController.swift */; };
		3AB649192228C99C00733761 /* Info.plist in Resources */ = {isa = PBXBuildFile; fileRef = 3AB649132228C99C00733761 /* Info.plist */; };
		3AB6491A2228C99C00733761 /* AppDelegate.swift in Sources */ = {isa = PBXBuildFile; fileRef = 3AB649162228C99C00733761 /* AppDelegate.swift */; };
		D990E79FEE7654054483A8AE /* Pods_RN8818.framework in Frameworks */ = {isa = PBXBuildFile; fileRef = 7503C8935D91A9E63525176B /* Pods_RN8818.framework */; };
/* End PBXBuildFile section */

/* Begin PBXFileReference section */
		0FCA55D6E7351A39E319EE44 /* Pods-RN8818.debug.xcconfig */ = {isa = PBXFileReference; includeInIndex = 1; lastKnownFileType = text.xcconfig; name = "Pods-RN8818.debug.xcconfig"; path = "Pods/Target Support Files/Pods-RN8818/Pods-RN8818.debug.xcconfig"; sourceTree = "<group>"; };
		3A9CF5ED2227B19C0093B36A /* RN8818.app */ = {isa = PBXFileReference; explicitFileType = wrapper.application; includeInIndex = 0; path = RN8818.app; sourceTree = BUILT_PRODUCTS_DIR; };
		3A9CF5F52227B19C0093B36A /* Base */ = {isa = PBXFileReference; lastKnownFileType = file.storyboard; name = Base; path = Base.lproj/Main.storyboard; sourceTree = "<group>"; };
		3A9CF5F72227B19E0093B36A /* Assets.xcassets */ = {isa = PBXFileReference; lastKnownFileType = folder.assetcatalog; path = Assets.xcassets; sourceTree = "<group>"; };
		3A9CF5FA2227B19E0093B36A /* Base */ = {isa = PBXFileReference; lastKnownFileType = file.storyboard; name = Base; path = Base.lproj/LaunchScreen.storyboard; sourceTree = "<group>"; };
		3AB649122228C99C00733761 /* ViewController.swift */ = {isa = PBXFileReference; fileEncoding = 4; lastKnownFileType = sourcecode.swift; path = ViewController.swift; sourceTree = "<group>"; };
		3AB649132228C99C00733761 /* Info.plist */ = {isa = PBXFileReference; fileEncoding = 4; lastKnownFileType = text.plist.xml; path = Info.plist; sourceTree = "<group>"; };
		3AB649162228C99C00733761 /* AppDelegate.swift */ = {isa = PBXFileReference; fileEncoding = 4; lastKnownFileType = sourcecode.swift; path = AppDelegate.swift; sourceTree = "<group>"; };
		7503C8935D91A9E63525176B /* Pods_RN8818.framework */ = {isa = PBXFileReference; explicitFileType = wrapper.framework; includeInIndex = 0; path = Pods_RN8818.framework; sourceTree = BUILT_PRODUCTS_DIR; };
		9636D4B03E4C7F14EDF1FF0A /* Pods-RN8818.release.xcconfig */ = {isa = PBXFileReference; includeInIndex = 1; lastKnownFileType = text.xcconfig; name = "Pods-RN8818.release.xcconfig"; path = "Pods/Target Support Files/Pods-RN8818/Pods-RN8818.release.xcconfig"; sourceTree = "<group>"; };
/* End PBXFileReference section */

/* Begin PBXFrameworksBuildPhase section */
		3A9CF5EA2227B19C0093B36A /* Frameworks */ = {
			isa = PBXFrameworksBuildPhase;
			buildActionMask = 2147483647;
			files = (
				D990E79FEE7654054483A8AE /* Pods_RN8818.framework in Frameworks */,
			);
			runOnlyForDeploymentPostprocessing = 0;
		};
/* End PBXFrameworksBuildPhase section */

/* Begin PBXGroup section */
		3A9CF5E42227B19C0093B36A = {
			isa = PBXGroup;
			children = (
				3A9CF5EF2227B19C0093B36A /* RN8818 */,
				3A9CF5EE2227B19C0093B36A /* Products */,
				D09DFC8F83A5AD9980AD20C2 /* Pods */,
				94A5167AFEE7CAFE3C776379 /* Frameworks */,
			);
			sourceTree = "<group>";
		};
		3A9CF5EE2227B19C0093B36A /* Products */ = {
			isa = PBXGroup;
			children = (
				3A9CF5ED2227B19C0093B36A /* RN8818.app */,
			);
			name = Products;
			sourceTree = "<group>";
		};
		3A9CF5EF2227B19C0093B36A /* RN8818 */ = {
			isa = PBXGroup;
			children = (
				3AB649152228C99C00733761 /* AppDelegate */,
				3AB649142228C99C00733761 /* Common */,
				3AB649172228C99C00733761 /* Controller */,
				3AB649102228C99C00733761 /* Lib */,
				3AB649112228C99C00733761 /* Orther */,
				3A9CF5F42227B19C0093B36A /* Main.storyboard */,
				3A9CF5F72227B19E0093B36A /* Assets.xcassets */,
				3A9CF5F92227B19E0093B36A /* LaunchScreen.storyboard */,
			);
			path = RN8818;
			sourceTree = "<group>";
		};
		3AB649102228C99C00733761 /* Lib */ = {
			isa = PBXGroup;
			children = (
			);
			path = Lib;
			sourceTree = "<group>";
		};
		3AB649112228C99C00733761 /* Orther */ = {
			isa = PBXGroup;
			children = (
				3AB649122228C99C00733761 /* ViewController.swift */,
				3AB649132228C99C00733761 /* Info.plist */,
			);
			path = Orther;
			sourceTree = "<group>";
		};
		3AB649142228C99C00733761 /* Common */ = {
			isa = PBXGroup;
			children = (
			);
			path = Common;
			sourceTree = "<group>";
		};
		3AB649152228C99C00733761 /* AppDelegate */ = {
			isa = PBXGroup;
			children = (
				3AB649162228C99C00733761 /* AppDelegate.swift */,
			);
			path = AppDelegate;
			sourceTree = "<group>";
		};
		3AB649172228C99C00733761 /* Controller */ = {
			isa = PBXGroup;
			children = (
			);
			path = Controller;
			sourceTree = "<group>";
		};
		94A5167AFEE7CAFE3C776379 /* Frameworks */ = {
			isa = PBXGroup;
			children = (
				7503C8935D91A9E63525176B /* Pods_RN8818.framework */,
			);
			name = Frameworks;
			sourceTree = "<group>";
		};
		D09DFC8F83A5AD9980AD20C2 /* Pods */ = {
			isa = PBXGroup;
			children = (
				0FCA55D6E7351A39E319EE44 /* Pods-RN8818.debug.xcconfig */,
				9636D4B03E4C7F14EDF1FF0A /* Pods-RN8818.release.xcconfig */,
			);
			name = Pods;
			sourceTree = "<group>";
		};
/* End PBXGroup section */

/* Begin PBXNativeTarget section */
		3A9CF5EC2227B19C0093B36A /* RN8818 */ = {
			isa = PBXNativeTarget;
			buildConfigurationList = 3A9CF5FF2227B19E0093B36A /* Build configuration list for PBXNativeTarget "RN8818" */;
			buildPhases = (
				951FC6B3DF7737F6B0184C6B /* [CP] Check Pods Manifest.lock */,
				3A9CF5E92227B19C0093B36A /* Sources */,
				3A9CF5EA2227B19C0093B36A /* Frameworks */,
				3A9CF5EB2227B19C0093B36A /* Resources */,
				8815BE2067092AF90DB1D6C3 /* [CP] Embed Pods Frameworks */,
			);
			buildRules = (
			);
			dependencies = (
			);
			name = RN8818;
			productName = RN8818;
			productReference = 3A9CF5ED2227B19C0093B36A /* RN8818.app */;
			productType = "com.apple.product-type.application";
		};
/* End PBXNativeTarget section */

/* Begin PBXProject section */
		3A9CF5E52227B19C0093B36A /* Project object */ = {
			isa = PBXProject;
			attributes = {
				LastSwiftUpdateCheck = 1010;
				LastUpgradeCheck = 1010;
				ORGANIZATIONNAME = "刘博";
				TargetAttributes = {
					3A9CF5EC2227B19C0093B36A = {
						CreatedOnToolsVersion = 10.1;
					};
				};
			};
			buildConfigurationList = 3A9CF5E82227B19C0093B36A /* Build configuration list for PBXProject "RN8818" */;
			compatibilityVersion = "Xcode 9.3";
			developmentRegion = en;
			hasScannedForEncodings = 0;
			knownRegions = (
				en,
				Base,
			);
			mainGroup = 3A9CF5E42227B19C0093B36A;
			productRefGroup = 3A9CF5EE2227B19C0093B36A /* Products */;
			projectDirPath = "";
			projectRoot = "";
			targets = (
				3A9CF5EC2227B19C0093B36A /* RN8818 */,
			);
		};
/* End PBXProject section */

/* Begin PBXResourcesBuildPhase section */
		3A9CF5EB2227B19C0093B36A /* Resources */ = {
			isa = PBXResourcesBuildPhase;
			buildActionMask = 2147483647;
			files = (
				3AB649192228C99C00733761 /* Info.plist in Resources */,
				3A9CF5FB2227B19E0093B36A /* LaunchScreen.storyboard in Resources */,
				3A9CF5F82227B19E0093B36A /* Assets.xcassets in Resources */,
				3A9CF5F62227B19C0093B36A /* Main.storyboard in Resources */,
			);
			runOnlyForDeploymentPostprocessing = 0;
		};
/* End PBXResourcesBuildPhase section */

/* Begin PBXShellScriptBuildPhase section */
		8815BE2067092AF90DB1D6C3 /* [CP] Embed Pods Frameworks */ = {
			isa = PBXShellScriptBuildPhase;
			buildActionMask = 2147483647;
			files = (
			);
			inputPaths = (
				"${SRCROOT}/Pods/Target Support Files/Pods-RN8818/Pods-RN8818-frameworks.sh",
				"${BUILT_PRODUCTS_DIR}/Alamofire/Alamofire.framework",
				"${BUILT_PRODUCTS_DIR}/IQKeyboardManagerSwift/IQKeyboardManagerSwift.framework",
				"${BUILT_PRODUCTS_DIR}/Kingfisher/Kingfisher.framework",
				"${BUILT_PRODUCTS_DIR}/MBProgressHUD/MBProgressHUD.framework",
				"${BUILT_PRODUCTS_DIR}/MJRefresh/MJRefresh.framework",
				"${BUILT_PRODUCTS_DIR}/RxCocoa/RxCocoa.framework",
				"${BUILT_PRODUCTS_DIR}/RxDataSources/RxDataSources.framework",
				"${BUILT_PRODUCTS_DIR}/RxSwift/RxSwift.framework",
				"${BUILT_PRODUCTS_DIR}/SVProgressHUD/SVProgressHUD.framework",
				"${BUILT_PRODUCTS_DIR}/SwiftTTPageController/SwiftTTPageController.framework",
				"${BUILT_PRODUCTS_DIR}/SwiftyJSON/SwiftyJSON.framework",
			);
			name = "[CP] Embed Pods Frameworks";
			outputPaths = (
				"${TARGET_BUILD_DIR}/${FRAMEWORKS_FOLDER_PATH}/Alamofire.framework",
				"${TARGET_BUILD_DIR}/${FRAMEWORKS_FOLDER_PATH}/IQKeyboardManagerSwift.framework",
				"${TARGET_BUILD_DIR}/${FRAMEWORKS_FOLDER_PATH}/Kingfisher.framework",
				"${TARGET_BUILD_DIR}/${FRAMEWORKS_FOLDER_PATH}/MBProgressHUD.framework",
				"${TARGET_BUILD_DIR}/${FRAMEWORKS_FOLDER_PATH}/MJRefresh.framework",
				"${TARGET_BUILD_DIR}/${FRAMEWORKS_FOLDER_PATH}/RxCocoa.framework",
				"${TARGET_BUILD_DIR}/${FRAMEWORKS_FOLDER_PATH}/RxDataSources.framework",
				"${TARGET_BUILD_DIR}/${FRAMEWORKS_FOLDER_PATH}/RxSwift.framework",
				"${TARGET_BUILD_DIR}/${FRAMEWORKS_FOLDER_PATH}/SVProgressHUD.framework",
				"${TARGET_BUILD_DIR}/${FRAMEWORKS_FOLDER_PATH}/SwiftTTPageController.framework",
				"${TARGET_BUILD_DIR}/${FRAMEWORKS_FOLDER_PATH}/SwiftyJSON.framework",
			);
			runOnlyForDeploymentPostprocessing = 0;
			shellPath = /bin/sh;
			shellScript = "\"${SRCROOT}/Pods/Target Support Files/Pods-RN8818/Pods-RN8818-frameworks.sh\"\n";
			showEnvVarsInLog = 0;
		};
		951FC6B3DF7737F6B0184C6B /* [CP] Check Pods Manifest.lock */ = {
			isa = PBXShellScriptBuildPhase;
			buildActionMask = 2147483647;
			files = (
			);
			inputPaths = (
				"${PODS_PODFILE_DIR_PATH}/Podfile.lock",
				"${PODS_ROOT}/Manifest.lock",
			);
			name = "[CP] Check Pods Manifest.lock";
			outputPaths = (
				"$(DERIVED_FILE_DIR)/Pods-RN8818-checkManifestLockResult.txt",
			);
			runOnlyForDeploymentPostprocessing = 0;
			shellPath = /bin/sh;
			shellScript = "diff \"${PODS_PODFILE_DIR_PATH}/Podfile.lock\" \"${PODS_ROOT}/Manifest.lock\" > /dev/null\nif [ $? != 0 ] ; then\n    # print error to STDERR\n    echo \"error: The sandbox is not in sync with the Podfile.lock. Run 'pod install' or update your CocoaPods installation.\" >&2\n    exit 1\nfi\n# This output is used by Xcode 'outputs' to avoid re-running this script phase.\necho \"SUCCESS\" > \"${SCRIPT_OUTPUT_FILE_0}\"\n";
			showEnvVarsInLog = 0;
		};
/* End PBXShellScriptBuildPhase section */

/* Begin PBXSourcesBuildPhase section */
		3A9CF5E92227B19C0093B36A /* Sources */ = {
			isa = PBXSourcesBuildPhase;
			buildActionMask = 2147483647;
			files = (
				3AB6491A2228C99C00733761 /* AppDelegate.swift in Sources */,
				3AB649182228C99C00733761 /* ViewController.swift in Sources */,
			);
			runOnlyForDeploymentPostprocessing = 0;
		};
/* End PBXSourcesBuildPhase section */

/* Begin PBXVariantGroup section */
		3A9CF5F42227B19C0093B36A /* Main.storyboard */ = {
			isa = PBXVariantGroup;
			children = (
				3A9CF5F52227B19C0093B36A /* Base */,
			);
			name = Main.storyboard;
			sourceTree = "<group>";
		};
		3A9CF5F92227B19E0093B36A /* LaunchScreen.storyboard */ = {
			isa = PBXVariantGroup;
			children = (
				3A9CF5FA2227B19E0093B36A /* Base */,
			);
			name = LaunchScreen.storyboard;
			sourceTree = "<group>";
		};
/* End PBXVariantGroup section */

/* Begin XCBuildConfiguration section */
		3A9CF5FD2227B19E0093B36A /* Debug */ = {
			isa = XCBuildConfiguration;
			buildSettings = {
				ALWAYS_SEARCH_USER_PATHS = NO;
				CLANG_ANALYZER_NONNULL = YES;
				CLANG_ANALYZER_NUMBER_OBJECT_CONVERSION = YES_AGGRESSIVE;
				CLANG_CXX_LANGUAGE_STANDARD = "gnu++14";
				CLANG_CXX_LIBRARY = "libc++";
				CLANG_ENABLE_MODULES = YES;
				CLANG_ENABLE_OBJC_ARC = YES;
				CLANG_ENABLE_OBJC_WEAK = YES;
				CLANG_WARN_BLOCK_CAPTURE_AUTORELEASING = YES;
				CLANG_WARN_BOOL_CONVERSION = YES;
				CLANG_WARN_COMMA = YES;
				CLANG_WARN_CONSTANT_CONVERSION = YES;
				CLANG_WARN_DEPRECATED_OBJC_IMPLEMENTATIONS = YES;
				CLANG_WARN_DIRECT_OBJC_ISA_USAGE = YES_ERROR;
				CLANG_WARN_DOCUMENTATION_COMMENTS = YES;
				CLANG_WARN_EMPTY_BODY = YES;
				CLANG_WARN_ENUM_CONVERSION = YES;
				CLANG_WARN_INFINITE_RECURSION = YES;
				CLANG_WARN_INT_CONVERSION = YES;
				CLANG_WARN_NON_LITERAL_NULL_CONVERSION = YES;
				CLANG_WARN_OBJC_IMPLICIT_RETAIN_SELF = YES;
				CLANG_WARN_OBJC_LITERAL_CONVERSION = YES;
				CLANG_WARN_OBJC_ROOT_CLASS = YES_ERROR;
				CLANG_WARN_RANGE_LOOP_ANALYSIS = YES;
				CLANG_WARN_STRICT_PROTOTYPES = YES;
				CLANG_WARN_SUSPICIOUS_MOVE = YES;
				CLANG_WARN_UNGUARDED_AVAILABILITY = YES_AGGRESSIVE;
				CLANG_WARN_UNREACHABLE_CODE = YES;
				CLANG_WARN__DUPLICATE_METHOD_MATCH = YES;
				CODE_SIGN_IDENTITY = "iPhone Developer";
				COPY_PHASE_STRIP = NO;
				DEBUG_INFORMATION_FORMAT = dwarf;
				ENABLE_STRICT_OBJC_MSGSEND = YES;
				ENABLE_TESTABILITY = YES;
				GCC_C_LANGUAGE_STANDARD = gnu11;
				GCC_DYNAMIC_NO_PIC = NO;
				GCC_NO_COMMON_BLOCKS = YES;
				GCC_OPTIMIZATION_LEVEL = 0;
				GCC_PREPROCESSOR_DEFINITIONS = (
					"DEBUG=1",
					"$(inherited)",
				);
				GCC_WARN_64_TO_32_BIT_CONVERSION = YES;
				GCC_WARN_ABOUT_RETURN_TYPE = YES_ERROR;
				GCC_WARN_UNDECLARED_SELECTOR = YES;
				GCC_WARN_UNINITIALIZED_AUTOS = YES_AGGRESSIVE;
				GCC_WARN_UNUSED_FUNCTION = YES;
				GCC_WARN_UNUSED_VARIABLE = YES;
				IPHONEOS_DEPLOYMENT_TARGET = 12.1;
				MTL_ENABLE_DEBUG_INFO = INCLUDE_SOURCE;
				MTL_FAST_MATH = YES;
				ONLY_ACTIVE_ARCH = YES;
				SDKROOT = iphoneos;
				SWIFT_ACTIVE_COMPILATION_CONDITIONS = DEBUG;
				SWIFT_OPTIMIZATION_LEVEL = "-Onone";
			};
			name = Debug;
		};
		3A9CF5FE2227B19E0093B36A /* Release */ = {
			isa = XCBuildConfiguration;
			buildSettings = {
				ALWAYS_SEARCH_USER_PATHS = NO;
				CLANG_ANALYZER_NONNULL = YES;
				CLANG_ANALYZER_NUMBER_OBJECT_CONVERSION = YES_AGGRESSIVE;
				CLANG_CXX_LANGUAGE_STANDARD = "gnu++14";
				CLANG_CXX_LIBRARY = "libc++";
				CLANG_ENABLE_MODULES = YES;
				CLANG_ENABLE_OBJC_ARC = YES;
				CLANG_ENABLE_OBJC_WEAK = YES;
				CLANG_WARN_BLOCK_CAPTURE_AUTORELEASING = YES;
				CLANG_WARN_BOOL_CONVERSION = YES;
				CLANG_WARN_COMMA = YES;
				CLANG_WARN_CONSTANT_CONVERSION = YES;
				CLANG_WARN_DEPRECATED_OBJC_IMPLEMENTATIONS = YES;
				CLANG_WARN_DIRECT_OBJC_ISA_USAGE = YES_ERROR;
				CLANG_WARN_DOCUMENTATION_COMMENTS = YES;
				CLANG_WARN_EMPTY_BODY = YES;
				CLANG_WARN_ENUM_CONVERSION = YES;
				CLANG_WARN_INFINITE_RECURSION = YES;
				CLANG_WARN_INT_CONVERSION = YES;
				CLANG_WARN_NON_LITERAL_NULL_CONVERSION = YES;
				CLANG_WARN_OBJC_IMPLICIT_RETAIN_SELF = YES;
				CLANG_WARN_OBJC_LITERAL_CONVERSION = YES;
				CLANG_WARN_OBJC_ROOT_CLASS = YES_ERROR;
				CLANG_WARN_RANGE_LOOP_ANALYSIS = YES;
				CLANG_WARN_STRICT_PROTOTYPES = YES;
				CLANG_WARN_SUSPICIOUS_MOVE = YES;
				CLANG_WARN_UNGUARDED_AVAILABILITY = YES_AGGRESSIVE;
				CLANG_WARN_UNREACHABLE_CODE = YES;
				CLANG_WARN__DUPLICATE_METHOD_MATCH = YES;
				CODE_SIGN_IDENTITY = "iPhone Developer";
				COPY_PHASE_STRIP = NO;
				DEBUG_INFORMATION_FORMAT = "dwarf-with-dsym";
				ENABLE_NS_ASSERTIONS = NO;
				ENABLE_STRICT_OBJC_MSGSEND = YES;
				GCC_C_LANGUAGE_STANDARD = gnu11;
				GCC_NO_COMMON_BLOCKS = YES;
				GCC_WARN_64_TO_32_BIT_CONVERSION = YES;
				GCC_WARN_ABOUT_RETURN_TYPE = YES_ERROR;
				GCC_WARN_UNDECLARED_SELECTOR = YES;
				GCC_WARN_UNINITIALIZED_AUTOS = YES_AGGRESSIVE;
				GCC_WARN_UNUSED_FUNCTION = YES;
				GCC_WARN_UNUSED_VARIABLE = YES;
				IPHONEOS_DEPLOYMENT_TARGET = 12.1;
				MTL_ENABLE_DEBUG_INFO = NO;
				MTL_FAST_MATH = YES;
				SDKROOT = iphoneos;
				SWIFT_COMPILATION_MODE = wholemodule;
				SWIFT_OPTIMIZATION_LEVEL = "-O";
				VALIDATE_PRODUCT = YES;
			};
			name = Release;
		};
		3A9CF6002227B19E0093B36A /* Debug */ = {
			isa = XCBuildConfiguration;
			baseConfigurationReference = 0FCA55D6E7351A39E319EE44 /* Pods-RN8818.debug.xcconfig */;
			buildSettings = {
				ASSETCATALOG_COMPILER_APPICON_NAME = AppIcon;
				CODE_SIGN_STYLE = Automatic;
				DEVELOPMENT_TEAM = 7L8R6A82W6;
				INFOPLIST_FILE = "$(SRCROOT)/RN8818/Orther/Info.plist";
				IPHONEOS_DEPLOYMENT_TARGET = 9.0;
				LD_RUNPATH_SEARCH_PATHS = (
					"$(inherited)",
					"@executable_path/Frameworks",
				);
				PRODUCT_BUNDLE_IDENTIFIER = com.liubo.RN8818;
				PRODUCT_NAME = "$(TARGET_NAME)";
				SWIFT_VERSION = 4.2;
				TARGETED_DEVICE_FAMILY = "1,2";
			};
			name = Debug;
		};
		3A9CF6012227B19E0093B36A /* Release */ = {
			isa = XCBuildConfiguration;
			baseConfigurationReference = 9636D4B03E4C7F14EDF1FF0A /* Pods-RN8818.release.xcconfig */;
			buildSettings = {
				ASSETCATALOG_COMPILER_APPICON_NAME = AppIcon;
				CODE_SIGN_STYLE = Automatic;
				DEVELOPMENT_TEAM = 7L8R6A82W6;
				INFOPLIST_FILE = "$(SRCROOT)/RN8818/Orther/Info.plist";
				IPHONEOS_DEPLOYMENT_TARGET = 9.0;
				LD_RUNPATH_SEARCH_PATHS = (
					"$(inherited)",
					"@executable_path/Frameworks",
				);
				PRODUCT_BUNDLE_IDENTIFIER = com.liubo.RN8818;
				PRODUCT_NAME = "$(TARGET_NAME)";
				SWIFT_VERSION = 4.2;
				TARGETED_DEVICE_FAMILY = "1,2";
			};
			name = Release;
		};
/* End XCBuildConfiguration section */

/* Begin XCConfigurationList section */
		3A9CF5E82227B19C0093B36A /* Build configuration list for PBXProject "RN8818" */ = {
			isa = XCConfigurationList;
			buildConfigurations = (
				3A9CF5FD2227B19E0093B36A /* Debug */,
				3A9CF5FE2227B19E0093B36A /* Release */,
			);
			defaultConfigurationIsVisible = 0;
			defaultConfigurationName = Release;
		};
		3A9CF5FF2227B19E0093B36A /* Build configuration list for PBXNativeTarget "RN8818" */ = {
			isa = XCConfigurationList;
			buildConfigurations = (
				3A9CF6002227B19E0093B36A /* Debug */,
				3A9CF6012227B19E0093B36A /* Release */,
			);
			defaultConfigurationIsVisible = 0;
			defaultConfigurationName = Release;
		};
/* End XCConfigurationList section */
	};
	rootObject = 3A9CF5E52227B19C0093B36A /* Project object */;
}
